// !$*UTF8*$!
{
	archiveVersion = 1;
	classes = {
	};
	objectVersion = 46;
	objects = {

/* Begin PBXBuildFile section */
		CE2A06E21C593A8C00F684C1 /* SmallestRotateNumber.m in Sources */ = {isa = PBXBuildFile; fileRef = CE2A06E11C593A8C00F684C1 /* SmallestRotateNumber.m */; };
		CE348B1D1C56C81D00C82250 /* FastSort.m in Sources */ = {isa = PBXBuildFile; fileRef = CE348B1C1C56C81D00C82250 /* FastSort.m */; };
		CE38A1C81C512FA50020A3F4 /* PrintLinkDesc.m in Sources */ = {isa = PBXBuildFile; fileRef = CE38A1C71C512FA50020A3F4 /* PrintLinkDesc.m */; };
		CE46553A1C61639D0007C2F9 /* DeleteLink.m in Sources */ = {isa = PBXBuildFile; fileRef = CE4655391C61639D0007C2F9 /* DeleteLink.m */; };
		CE4655401C616BB30007C2F9 /* Reoder.m in Sources */ = {isa = PBXBuildFile; fileRef = CE46553F1C616BB30007C2F9 /* Reoder.m */; };
		CE757F001C5808D6001AF3E3 /* TubSort.m in Sources */ = {isa = PBXBuildFile; fileRef = CE757EFF1C5808D6001AF3E3 /* TubSort.m */; };
		CE870D191C5D212A00A49832 /* FindOneNumber.m in Sources */ = {isa = PBXBuildFile; fileRef = CE870D181C5D212A00A49832 /* FindOneNumber.m */; };
		CE870D1C1C5D52B600A49832 /* IntegerPower.m in Sources */ = {isa = PBXBuildFile; fileRef = CE870D1B1C5D52B600A49832 /* IntegerPower.m */; };
		CE8D06EF1C5400B6006757F0 /* ConstructBinaryTree.m in Sources */ = {isa = PBXBuildFile; fileRef = CE8D06EE1C5400B6006757F0 /* ConstructBinaryTree.m */; };
		CEACF0AB1C4FA5D800CF480F /* ReplaceBlank.m in Sources */ = {isa = PBXBuildFile; fileRef = CEACF0AA1C4FA5D800CF480F /* ReplaceBlank.m */; };
		CEADD80A1C5BEE3F00B88065 /* Fibonacci.m in Sources */ = {isa = PBXBuildFile; fileRef = CEADD8091C5BEE3F00B88065 /* Fibonacci.m */; };
		CEBAE0711C4E47FA00400374 /* main.m in Sources */ = {isa = PBXBuildFile; fileRef = CEBAE0701C4E47FA00400374 /* main.m */; };
		CEBAE07A1C4E487100400374 /* SingleMode.m in Sources */ = {isa = PBXBuildFile; fileRef = CEBAE0791C4E487100400374 /* SingleMode.m */; };
		CEBAE07E1C4E4E2C00400374 /* FindNumberFromArray.m in Sources */ = {isa = PBXBuildFile; fileRef = CEBAE07D1C4E4E2C00400374 /* FindNumberFromArray.m */; };
		CEDD42D01C5FFB9B005B463C /* PrintAllNumber.m in Sources */ = {isa = PBXBuildFile; fileRef = CEDD42CF1C5FFB9B005B463C /* PrintAllNumber.m */; };
/* End PBXBuildFile section */

/* Begin PBXCopyFilesBuildPhase section */
		CEBAE06B1C4E47FA00400374 /* CopyFiles */ = {
			isa = PBXCopyFilesBuildPhase;
			buildActionMask = 2147483647;
			dstPath = /usr/share/man/man1/;
			dstSubfolderSpec = 0;
			files = (
			);
			runOnlyForDeploymentPostprocessing = 1;
		};
/* End PBXCopyFilesBuildPhase section */

/* Begin PBXFileReference section */
		CE2A06E01C593A8C00F684C1 /* SmallestRotateNumber.h */ = {isa = PBXFileReference; fileEncoding = 4; lastKnownFileType = sourcecode.c.h; path = SmallestRotateNumber.h; sourceTree = "<group>"; };
		CE2A06E11C593A8C00F684C1 /* SmallestRotateNumber.m */ = {isa = PBXFileReference; fileEncoding = 4; lastKnownFileType = sourcecode.c.objc; path = SmallestRotateNumber.m; sourceTree = "<group>"; };
		CE348B1B1C56C81D00C82250 /* FastSort.h */ = {isa = PBXFileReference; fileEncoding = 4; lastKnownFileType = sourcecode.c.h; path = FastSort.h; sourceTree = "<group>"; };
		CE348B1C1C56C81D00C82250 /* FastSort.m */ = {isa = PBXFileReference; fileEncoding = 4; lastKnownFileType = sourcecode.c.objc; path = FastSort.m; sourceTree = "<group>"; };
		CE38A1C61C512FA50020A3F4 /* PrintLinkDesc.h */ = {isa = PBXFileReference; fileEncoding = 4; lastKnownFileType = sourcecode.c.h; path = PrintLinkDesc.h; sourceTree = "<group>"; };
		CE38A1C71C512FA50020A3F4 /* PrintLinkDesc.m */ = {isa = PBXFileReference; fileEncoding = 4; lastKnownFileType = sourcecode.c.objc; path = PrintLinkDesc.m; sourceTree = "<group>"; };
		CE4655381C61639D0007C2F9 /* DeleteLink.h */ = {isa = PBXFileReference; fileEncoding = 4; lastKnownFileType = sourcecode.c.h; path = DeleteLink.h; sourceTree = "<group>"; };
		CE4655391C61639D0007C2F9 /* DeleteLink.m */ = {isa = PBXFileReference; fileEncoding = 4; lastKnownFileType = sourcecode.c.objc; path = DeleteLink.m; sourceTree = "<group>"; };
		CE46553B1C6163B60007C2F9 /* CommonLinkStruct.h */ = {isa = PBXFileReference; fileEncoding = 4; lastKnownFileType = sourcecode.c.h; path = CommonLinkStruct.h; sourceTree = "<group>"; };
		CE46553E1C616BB30007C2F9 /* Reoder.h */ = {isa = PBXFileReference; fileEncoding = 4; lastKnownFileType = sourcecode.c.h; path = Reoder.h; sourceTree = "<group>"; };
		CE46553F1C616BB30007C2F9 /* Reoder.m */ = {isa = PBXFileReference; fileEncoding = 4; lastKnownFileType = sourcecode.c.objc; path = Reoder.m; sourceTree = "<group>"; };
		CE757EFE1C5808D6001AF3E3 /* TubSort.h */ = {isa = PBXFileReference; fileEncoding = 4; lastKnownFileType = sourcecode.c.h; path = TubSort.h; sourceTree = "<group>"; };
		CE757EFF1C5808D6001AF3E3 /* TubSort.m */ = {isa = PBXFileReference; fileEncoding = 4; lastKnownFileType = sourcecode.c.objc; path = TubSort.m; sourceTree = "<group>"; };
		CE870D171C5D212A00A49832 /* FindOneNumber.h */ = {isa = PBXFileReference; fileEncoding = 4; lastKnownFileType = sourcecode.c.h; path = FindOneNumber.h; sourceTree = "<group>"; };
		CE870D181C5D212A00A49832 /* FindOneNumber.m */ = {isa = PBXFileReference; fileEncoding = 4; lastKnownFileType = sourcecode.c.objc; path = FindOneNumber.m; sourceTree = "<group>"; };
		CE870D1A1C5D52B600A49832 /* IntegerPower.h */ = {isa = PBXFileReference; fileEncoding = 4; lastKnownFileType = sourcecode.c.h; path = IntegerPower.h; sourceTree = "<group>"; };
		CE870D1B1C5D52B600A49832 /* IntegerPower.m */ = {isa = PBXFileReference; fileEncoding = 4; lastKnownFileType = sourcecode.c.objc; path = IntegerPower.m; sourceTree = "<group>"; };
		CE8D06ED1C5400B6006757F0 /* ConstructBinaryTree.h */ = {isa = PBXFileReference; fileEncoding = 4; lastKnownFileType = sourcecode.c.h; path = ConstructBinaryTree.h; sourceTree = "<group>"; };
		CE8D06EE1C5400B6006757F0 /* ConstructBinaryTree.m */ = {isa = PBXFileReference; fileEncoding = 4; lastKnownFileType = sourcecode.c.objc; path = ConstructBinaryTree.m; sourceTree = "<group>"; };
		CEACF0A91C4FA5D800CF480F /* ReplaceBlank.h */ = {isa = PBXFileReference; fileEncoding = 4; lastKnownFileType = sourcecode.c.h; path = ReplaceBlank.h; sourceTree = "<group>"; };
		CEACF0AA1C4FA5D800CF480F /* ReplaceBlank.m */ = {isa = PBXFileReference; fileEncoding = 4; lastKnownFileType = sourcecode.c.objc; path = ReplaceBlank.m; sourceTree = "<group>"; };
		CEADD8081C5BEE3F00B88065 /* Fibonacci.h */ = {isa = PBXFileReference; fileEncoding = 4; lastKnownFileType = sourcecode.c.h; path = Fibonacci.h; sourceTree = "<group>"; };
		CEADD8091C5BEE3F00B88065 /* Fibonacci.m */ = {isa = PBXFileReference; fileEncoding = 4; lastKnownFileType = sourcecode.c.objc; path = Fibonacci.m; sourceTree = "<group>"; };
		CEBAE06D1C4E47FA00400374 /* 算法 */ = {isa = PBXFileReference; explicitFileType = "compiled.mach-o.executable"; includeInIndex = 0; path = "算法"; sourceTree = BUILT_PRODUCTS_DIR; };
		CEBAE0701C4E47FA00400374 /* main.m */ = {isa = PBXFileReference; lastKnownFileType = sourcecode.c.objc; path = main.m; sourceTree = "<group>"; };
		CEBAE0781C4E487100400374 /* SingleMode.h */ = {isa = PBXFileReference; fileEncoding = 4; lastKnownFileType = sourcecode.c.h; path = SingleMode.h; sourceTree = "<group>"; };
		CEBAE0791C4E487100400374 /* SingleMode.m */ = {isa = PBXFileReference; fileEncoding = 4; lastKnownFileType = sourcecode.c.objc; path = SingleMode.m; sourceTree = "<group>"; };
		CEBAE07C1C4E4E2C00400374 /* FindNumberFromArray.h */ = {isa = PBXFileReference; fileEncoding = 4; lastKnownFileType = sourcecode.c.h; path = FindNumberFromArray.h; sourceTree = "<group>"; };
		CEBAE07D1C4E4E2C00400374 /* FindNumberFromArray.m */ = {isa = PBXFileReference; fileEncoding = 4; lastKnownFileType = sourcecode.c.objc; path = FindNumberFromArray.m; sourceTree = "<group>"; };
		CEDD42CE1C5FFB9B005B463C /* PrintAllNumber.h */ = {isa = PBXFileReference; fileEncoding = 4; lastKnownFileType = sourcecode.c.h; path = PrintAllNumber.h; sourceTree = "<group>"; };
		CEDD42CF1C5FFB9B005B463C /* PrintAllNumber.m */ = {isa = PBXFileReference; fileEncoding = 4; lastKnownFileType = sourcecode.c.objc; path = PrintAllNumber.m; sourceTree = "<group>"; };
/* End PBXFileReference section */

/* Begin PBXFrameworksBuildPhase section */
		CEBAE06A1C4E47FA00400374 /* Frameworks */ = {
			isa = PBXFrameworksBuildPhase;
			buildActionMask = 2147483647;
			files = (
			);
			runOnlyForDeploymentPostprocessing = 0;
		};
/* End PBXFrameworksBuildPhase section */

/* Begin PBXGroup section */
		CE2A06DF1C593A1A00F684C1 /* 8 */ = {
			isa = PBXGroup;
			children = (
				CE2A06E01C593A8C00F684C1 /* SmallestRotateNumber.h */,
				CE2A06E11C593A8C00F684C1 /* SmallestRotateNumber.m */,
			);
			name = 8;
			path = "算法/8-2";
			sourceTree = "<group>";
		};
		CE348B1A1C56C7D700C82250 /* 7 */ = {
			isa = PBXGroup;
			children = (
				CE348B1B1C56C81D00C82250 /* FastSort.h */,
				CE348B1C1C56C81D00C82250 /* FastSort.m */,
			);
			name = 7;
			path = "算法/8";
			sourceTree = "<group>";
		};
		CE38A1C51C512F1D0020A3F4 /* 5 */ = {
			isa = PBXGroup;
			children = (
				CE38A1C61C512FA50020A3F4 /* PrintLinkDesc.h */,
				CE38A1C71C512FA50020A3F4 /* PrintLinkDesc.m */,
			);
			name = 5;
			path = "算法/5";
			sourceTree = "<group>";
		};
		CE757EFD1C58086D001AF3E3 /* 2 */ = {
			isa = PBXGroup;
			children = (
				CE757EFE1C5808D6001AF3E3 /* TubSort.h */,
				CE757EFF1C5808D6001AF3E3 /* TubSort.m */,
			);
			name = 2;
			path = "算法/2";
			sourceTree = "<group>";
		};
		CE870D151C5D1D9F00A49832 /* 10 */ = {
			isa = PBXGroup;
			children = (
				CE870D171C5D212A00A49832 /* FindOneNumber.h */,
				CE870D181C5D212A00A49832 /* FindOneNumber.m */,
			);
			name = 10;
			path = "算法/10";
			sourceTree = "<group>";
		};
		CE870D161C5D1DA500A49832 /* 11 */ = {
			isa = PBXGroup;
			children = (
				CE870D1A1C5D52B600A49832 /* IntegerPower.h */,
				CE870D1B1C5D52B600A49832 /* IntegerPower.m */,
			);
			name = 11;
			path = "算法/11";
			sourceTree = "<group>";
		};
		CE8D06EC1C54008D006757F0 /* 6 */ = {
			isa = PBXGroup;
			children = (
				CE8D06ED1C5400B6006757F0 /* ConstructBinaryTree.h */,
				CE8D06EE1C5400B6006757F0 /* ConstructBinaryTree.m */,
			);
			name = 6;
			path = "算法/7";
			sourceTree = "<group>";
		};
		CEACF0A81C4FA57500CF480F /* 4 */ = {
			isa = PBXGroup;
			children = (
				CEACF0A91C4FA5D800CF480F /* ReplaceBlank.h */,
				CEACF0AA1C4FA5D800CF480F /* ReplaceBlank.m */,
			);
			name = 4;
			path = "算法/4";
			sourceTree = "<group>";
		};
		CEADD8071C5BEE1800B88065 /* 9 */ = {
			isa = PBXGroup;
			children = (
				CEADD8081C5BEE3F00B88065 /* Fibonacci.h */,
				CEADD8091C5BEE3F00B88065 /* Fibonacci.m */,
			);
			name = 9;
			path = "算法/9";
			sourceTree = "<group>";
		};
		CEBAE0641C4E47FA00400374 = {
			isa = PBXGroup;
			children = (
				CEBAE06F1C4E47FA00400374 /* 算法 */,
				CEBAE0771C4E483F00400374 /* Single */,
				CE757EFD1C58086D001AF3E3 /* 2 */,
				CEBAE07B1C4E4E0F00400374 /* 3 */,
				CEACF0A81C4FA57500CF480F /* 4 */,
				CE38A1C51C512F1D0020A3F4 /* 5 */,
				CE8D06EC1C54008D006757F0 /* 6 */,
				CE348B1A1C56C7D700C82250 /* 7 */,
				CE2A06DF1C593A1A00F684C1 /* 8 */,
				CEADD8071C5BEE1800B88065 /* 9 */,
				CE870D151C5D1D9F00A49832 /* 10 */,
				CE870D161C5D1DA500A49832 /* 11 */,
				CEDD42CB1C5FFB88005B463C /* 12 */,
				CEDD42CC1C5FFB88005B463C /* 13 */,
				CEDD42CD1C5FFB88005B463C /* 14 */,
				CEBAE06E1C4E47FA00400374 /* Products */,
			);
			sourceTree = "<group>";
		};
		CEBAE06E1C4E47FA00400374 /* Products */ = {
			isa = PBXGroup;
			children = (
				CEBAE06D1C4E47FA00400374 /* 算法 */,
			);
			name = Products;
			sourceTree = "<group>";
		};
		CEBAE06F1C4E47FA00400374 /* 算法 */ = {
			isa = PBXGroup;
			children = (
				CEBAE0701C4E47FA00400374 /* main.m */,
				CE46553B1C6163B60007C2F9 /* CommonLinkStruct.h */,
			);
			path = "算法";
			sourceTree = "<group>";
		};
		CEBAE0771C4E483F00400374 /* Single */ = {
			isa = PBXGroup;
			children = (
				CEBAE0781C4E487100400374 /* SingleMode.h */,
				CEBAE0791C4E487100400374 /* SingleMode.m */,
			);
			name = Single;
			path = "算法/Single";
			sourceTree = "<group>";
		};
		CEBAE07B1C4E4E0F00400374 /* 3 */ = {
			isa = PBXGroup;
			children = (
				CEBAE07C1C4E4E2C00400374 /* FindNumberFromArray.h */,
				CEBAE07D1C4E4E2C00400374 /* FindNumberFromArray.m */,
			);
			name = 3;
			path = "算法/3";
			sourceTree = "<group>";
		};
		CEDD42CB1C5FFB88005B463C /* 12 */ = {
			isa = PBXGroup;
			children = (
				CEDD42CE1C5FFB9B005B463C /* PrintAllNumber.h */,
				CEDD42CF1C5FFB9B005B463C /* PrintAllNumber.m */,
			);
			name = 12;
			path = "算法/12";
			sourceTree = "<group>";
		};
		CEDD42CC1C5FFB88005B463C /* 13 */ = {
			isa = PBXGroup;
			children = (
				CE4655381C61639D0007C2F9 /* DeleteLink.h */,
				CE4655391C61639D0007C2F9 /* DeleteLink.m */,
			);
			name = 13;
			path = "算法/13";
			sourceTree = "<group>";
		};
		CEDD42CD1C5FFB88005B463C /* 14 */ = {
			isa = PBXGroup;
			children = (
				CE46553E1C616BB30007C2F9 /* Reoder.h */,
				CE46553F1C616BB30007C2F9 /* Reoder.m */,
			);
			name = 14;
			path = "算法/14";
			sourceTree = "<group>";
		};
/* End PBXGroup section */

/* Begin PBXNativeTarget section */
		CEBAE06C1C4E47FA00400374 /* 算法 */ = {
			isa = PBXNativeTarget;
			buildConfigurationList = CEBAE0741C4E47FA00400374 /* Build configuration list for PBXNativeTarget "算法" */;
			buildPhases = (
				CEBAE0691C4E47FA00400374 /* Sources */,
				CEBAE06A1C4E47FA00400374 /* Frameworks */,
				CEBAE06B1C4E47FA00400374 /* CopyFiles */,
			);
			buildRules = (
			);
			dependencies = (
			);
			name = "算法";
			productName = "算法";
			productReference = CEBAE06D1C4E47FA00400374 /* 算法 */;
			productType = "com.apple.product-type.tool";
		};
/* End PBXNativeTarget section */

/* Begin PBXProject section */
		CEBAE0651C4E47FA00400374 /* Project object */ = {
			isa = PBXProject;
			attributes = {
				LastUpgradeCheck = 0720;
				ORGANIZATIONNAME = mredrock;
				TargetAttributes = {
					CEBAE06C1C4E47FA00400374 = {
						CreatedOnToolsVersion = 7.2;
					};
				};
			};
			buildConfigurationList = CEBAE0681C4E47FA00400374 /* Build configuration list for PBXProject "算法" */;
			compatibilityVersion = "Xcode 3.2";
			developmentRegion = English;
			hasScannedForEncodings = 0;
			knownRegions = (
				en,
			);
			mainGroup = CEBAE0641C4E47FA00400374;
			productRefGroup = CEBAE06E1C4E47FA00400374 /* Products */;
			projectDirPath = "";
			projectRoot = "";
			targets = (
				CEBAE06C1C4E47FA00400374 /* 算法 */,
			);
		};
/* End PBXProject section */

/* Begin PBXSourcesBuildPhase section */
		CEBAE0691C4E47FA00400374 /* Sources */ = {
			isa = PBXSourcesBuildPhase;
			buildActionMask = 2147483647;
			files = (
				CEBAE07E1C4E4E2C00400374 /* FindNumberFromArray.m in Sources */,
				CE870D191C5D212A00A49832 /* FindOneNumber.m in Sources */,
				CE348B1D1C56C81D00C82250 /* FastSort.m in Sources */,
				CEACF0AB1C4FA5D800CF480F /* ReplaceBlank.m in Sources */,
				CE4655401C616BB30007C2F9 /* Reoder.m in Sources */,
				CE2A06E21C593A8C00F684C1 /* SmallestRotateNumber.m in Sources */,
				CEBAE07A1C4E487100400374 /* SingleMode.m in Sources */,
				CEBAE0711C4E47FA00400374 /* main.m in Sources */,
				CEADD80A1C5BEE3F00B88065 /* Fibonacci.m in Sources */,
				CE870D1C1C5D52B600A49832 /* IntegerPower.m in Sources */,
				CE8D06EF1C5400B6006757F0 /* ConstructBinaryTree.m in Sources */,
				CE38A1C81C512FA50020A3F4 /* PrintLinkDesc.m in Sources */,
				CE757F001C5808D6001AF3E3 /* TubSort.m in Sources */,
				CE46553A1C61639D0007C2F9 /* DeleteLink.m in Sources */,
				CEDD42D01C5FFB9B005B463C /* PrintAllNumber.m in Sources */,
			);
			runOnlyForDeploymentPostprocessing = 0;
		};
/* End PBXSourcesBuildPhase section */

/* Begin XCBuildConfiguration section */
		CEBAE0721C4E47FA00400374 /* Debug */ = {
			isa = XCBuildConfiguration;
			buildSettings = {
				ALWAYS_SEARCH_USER_PATHS = NO;
				CLANG_CXX_LANGUAGE_STANDARD = "gnu++0x";
				CLANG_CXX_LIBRARY = "libc++";
				CLANG_ENABLE_MODULES = YES;
				CLANG_ENABLE_OBJC_ARC = YES;
				CLANG_WARN_BOOL_CONVERSION = YES;
				CLANG_WARN_CONSTANT_CONVERSION = YES;
				CLANG_WARN_DIRECT_OBJC_ISA_USAGE = YES_ERROR;
				CLANG_WARN_EMPTY_BODY = YES;
				CLANG_WARN_ENUM_CONVERSION = YES;
				CLANG_WARN_INT_CONVERSION = YES;
				CLANG_WARN_OBJC_ROOT_CLASS = YES_ERROR;
				CLANG_WARN_UNREACHABLE_CODE = YES;
				CLANG_WARN__DUPLICATE_METHOD_MATCH = YES;
				CODE_SIGN_IDENTITY = "-";
				COPY_PHASE_STRIP = NO;
				DEBUG_INFORMATION_FORMAT = dwarf;
				ENABLE_STRICT_OBJC_MSGSEND = YES;
				ENABLE_TESTABILITY = YES;
				GCC_C_LANGUAGE_STANDARD = gnu99;
				GCC_DYNAMIC_NO_PIC = NO;
				GCC_NO_COMMON_BLOCKS = YES;
				GCC_OPTIMIZATION_LEVEL = 0;
				GCC_PREPROCESSOR_DEFINITIONS = (
					"DEBUG=1",
					"$(inherited)",
				);
				GCC_WARN_64_TO_32_BIT_CONVERSION = YES;
				GCC_WARN_ABOUT_RETURN_TYPE = YES_ERROR;
				GCC_WARN_UNDECLARED_SELECTOR = YES;
				GCC_WARN_UNINITIALIZED_AUTOS = YES_AGGRESSIVE;
				GCC_WARN_UNUSED_FUNCTION = YES;
				GCC_WARN_UNUSED_VARIABLE = YES;
				MACOSX_DEPLOYMENT_TARGET = 10.11;
				MTL_ENABLE_DEBUG_INFO = YES;
				ONLY_ACTIVE_ARCH = YES;
				SDKROOT = macosx;
			};
			name = Debug;
		};
		CEBAE0731C4E47FA00400374 /* Release */ = {
			isa = XCBuildConfiguration;
			buildSettings = {
				ALWAYS_SEARCH_USER_PATHS = NO;
				CLANG_CXX_LANGUAGE_STANDARD = "gnu++0x";
				CLANG_CXX_LIBRARY = "libc++";
				CLANG_ENABLE_MODULES = YES;
				CLANG_ENABLE_OBJC_ARC = YES;
				CLANG_WARN_BOOL_CONVERSION = YES;
				CLANG_WARN_CONSTANT_CONVERSION = YES;
				CLANG_WARN_DIRECT_OBJC_ISA_USAGE = YES_ERROR;
				CLANG_WARN_EMPTY_BODY = YES;
				CLANG_WARN_ENUM_CONVERSION = YES;
				CLANG_WARN_INT_CONVERSION = YES;
				CLANG_WARN_OBJC_ROOT_CLASS = YES_ERROR;
				CLANG_WARN_UNREACHABLE_CODE = YES;
				CLANG_WARN__DUPLICATE_METHOD_MATCH = YES;
				CODE_SIGN_IDENTITY = "-";
				COPY_PHASE_STRIP = NO;
				DEBUG_INFORMATION_FORMAT = "dwarf-with-dsym";
				ENABLE_NS_ASSERTIONS = NO;
				ENABLE_STRICT_OBJC_MSGSEND = YES;
				GCC_C_LANGUAGE_STANDARD = gnu99;
				GCC_NO_COMMON_BLOCKS = YES;
				GCC_WARN_64_TO_32_BIT_CONVERSION = YES;
				GCC_WARN_ABOUT_RETURN_TYPE = YES_ERROR;
				GCC_WARN_UNDECLARED_SELECTOR = YES;
				GCC_WARN_UNINITIALIZED_AUTOS = YES_AGGRESSIVE;
				GCC_WARN_UNUSED_FUNCTION = YES;
				GCC_WARN_UNUSED_VARIABLE = YES;
				MACOSX_DEPLOYMENT_TARGET = 10.11;
				MTL_ENABLE_DEBUG_INFO = NO;
				SDKROOT = macosx;
			};
			name = Release;
		};
		CEBAE0751C4E47FA00400374 /* Debug */ = {
			isa = XCBuildConfiguration;
			buildSettings = {
				PRODUCT_NAME = "$(TARGET_NAME)";
			};
			name = Debug;
		};
		CEBAE0761C4E47FA00400374 /* Release */ = {
			isa = XCBuildConfiguration;
			buildSettings = {
				PRODUCT_NAME = "$(TARGET_NAME)";
			};
			name = Release;
		};
/* End XCBuildConfiguration section */

/* Begin XCConfigurationList section */
		CEBAE0681C4E47FA00400374 /* Build configuration list for PBXProject "算法" */ = {
			isa = XCConfigurationList;
			buildConfigurations = (
				CEBAE0721C4E47FA00400374 /* Debug */,
				CEBAE0731C4E47FA00400374 /* Release */,
			);
			defaultConfigurationIsVisible = 0;
			defaultConfigurationName = Release;
		};
		CEBAE0741C4E47FA00400374 /* Build configuration list for PBXNativeTarget "算法" */ = {
			isa = XCConfigurationList;
			buildConfigurations = (
				CEBAE0751C4E47FA00400374 /* Debug */,
				CEBAE0761C4E47FA00400374 /* Release */,
			);
			defaultConfigurationIsVisible = 0;
			defaultConfigurationName = Release;
		};
/* End XCConfigurationList section */
	};
	rootObject = CEBAE0651C4E47FA00400374 /* Project object */;
}
